
Microsoft Visual Studio Solution File, Format Version 12.00
# Visual Studio Version 17
VisualStudioVersion = 17.1.32210.238
MinimumVisualStudioVersion = 10.0.40219.1
Project("{FAE04EC0-301F-11D3-BF4B-00C04F79EFBC}") = "FlightsList", "FlightsList\FlightsList.csproj", "{1EF441EE-6734-4B65-A481-FD4233CD3E70}"
EndProject
Global
	GlobalSection(SolutionConfigurationPlatforms) = preSolution
		Debug|Any CPU = Debug|Any CPU
		Release|Any CPU = Release|Any CPU
	EndGlobalSection
	GlobalSection(ProjectConfigurationPlatforms) = postSolution
		{1EF441EE-6734-4B65-A481-FD4233CD3E70}.Debug|Any CPU.ActiveCfg = Debug|Any CPU
		{1EF441EE-6734-4B65-A481-FD4233CD3E70}.Debug|Any CPU.Build.0 = Debug|Any CPU
		{1EF441EE-6734-4B65-A481-FD4233CD3E70}.Release|Any CPU.ActiveCfg = Release|Any CPU
		{1EF441EE-6734-4B65-A481-FD4233CD3E70}.Release|Any CPU.Build.0 = Release|Any CPU
	EndGlobalSection
	GlobalSection(SolutionProperties) = preSolution
		HideSolutionNode = FALSE
	EndGlobalSection
	GlobalSection(ExtensibilityGlobals) = postSolution
		SolutionGuid = {FF8D11EC-3E65-47E8-84D7-4CE04C4C1FC4}
	EndGlobalSection
EndGlobal
